// !$*UTF8*$!
{
	archiveVersion = 1;
	classes = {
	};
	objectVersion = 55;
	objects = {

/* Begin PBXBuildFile section */
		70576B9F273AB45200B9BC3B /* AppDelegate.swift in Sources */ = {isa = PBXBuildFile; fileRef = 70576B9E273AB45200B9BC3B /* AppDelegate.swift */; };
		70576BA1273AB45200B9BC3B /* SceneDelegate.swift in Sources */ = {isa = PBXBuildFile; fileRef = 70576BA0273AB45200B9BC3B /* SceneDelegate.swift */; };
		70576BA3273AB45200B9BC3B /* ViewController.swift in Sources */ = {isa = PBXBuildFile; fileRef = 70576BA2273AB45200B9BC3B /* ViewController.swift */; };
		70576BA6273AB45200B9BC3B /* Main.storyboard in Resources */ = {isa = PBXBuildFile; fileRef = 70576BA4273AB45200B9BC3B /* Main.storyboard */; };
		70576BA8273AB45300B9BC3B /* Assets.xcassets in Resources */ = {isa = PBXBuildFile; fileRef = 70576BA7273AB45300B9BC3B /* Assets.xcassets */; };
		70576BAB273AB45300B9BC3B /* LaunchScreen.storyboard in Resources */ = {isa = PBXBuildFile; fileRef = 70576BA9273AB45300B9BC3B /* LaunchScreen.storyboard */; };
		70576BB6273AB45300B9BC3B /* BullseyeTests.swift in Sources */ = {isa = PBXBuildFile; fileRef = 70576BB5273AB45300B9BC3B /* BullseyeTests.swift */; };
		70576BC0273AB45300B9BC3B /* BullseyeUITests.swift in Sources */ = {isa = PBXBuildFile; fileRef = 70576BBF273AB45300B9BC3B /* BullseyeUITests.swift */; };
		70576BC2273AB45300B9BC3B /* BullseyeUITestsLaunchTests.swift in Sources */ = {isa = PBXBuildFile; fileRef = 70576BC1273AB45300B9BC3B /* BullseyeUITestsLaunchTests.swift */; };
/* End PBXBuildFile section */

/* Begin PBXContainerItemProxy section */
		70576BB2273AB45300B9BC3B /* PBXContainerItemProxy */ = {
			isa = PBXContainerItemProxy;
			containerPortal = 70576B93273AB45200B9BC3B /* Project object */;
			proxyType = 1;
			remoteGlobalIDString = 70576B9A273AB45200B9BC3B;
			remoteInfo = Bullseye;
		};
		70576BBC273AB45300B9BC3B /* PBXContainerItemProxy */ = {
			isa = PBXContainerItemProxy;
			containerPortal = 70576B93273AB45200B9BC3B /* Project object */;
			proxyType = 1;
			remoteGlobalIDString = 70576B9A273AB45200B9BC3B;
			remoteInfo = Bullseye;
		};
/* End PBXContainerItemProxy section */

/* Begin PBXFileReference section */
		70576B9B273AB45200B9BC3B /* Bullseye.app */ = {isa = PBXFileReference; explicitFileType = wrapper.application; includeInIndex = 0; path = Bullseye.app; sourceTree = BUILT_PRODUCTS_DIR; };
		70576B9E273AB45200B9BC3B /* AppDelegate.swift */ = {isa = PBXFileReference; lastKnownFileType = sourcecode.swift; path = AppDelegate.swift; sourceTree = "<group>"; };
		70576BA0273AB45200B9BC3B /* SceneDelegate.swift */ = {isa = PBXFileReference; lastKnownFileType = sourcecode.swift; path = SceneDelegate.swift; sourceTree = "<group>"; };
		70576BA2273AB45200B9BC3B /* ViewController.swift */ = {isa = PBXFileReference; lastKnownFileType = sourcecode.swift; path = ViewController.swift; sourceTree = "<group>"; };
		70576BA5273AB45200B9BC3B /* Base */ = {isa = PBXFileReference; lastKnownFileType = file.storyboard; name = Base; path = Base.lproj/Main.storyboard; sourceTree = "<group>"; };
		70576BA7273AB45300B9BC3B /* Assets.xcassets */ = {isa = PBXFileReference; lastKnownFileType = folder.assetcatalog; path = Assets.xcassets; sourceTree = "<group>"; };
		70576BAA273AB45300B9BC3B /* Base */ = {isa = PBXFileReference; lastKnownFileType = file.storyboard; name = Base; path = Base.lproj/LaunchScreen.storyboard; sourceTree = "<group>"; };
		70576BAC273AB45300B9BC3B /* Info.plist */ = {isa = PBXFileReference; lastKnownFileType = text.plist.xml; path = Info.plist; sourceTree = "<group>"; };
		70576BB1273AB45300B9BC3B /* BullseyeTests.xctest */ = {isa = PBXFileReference; explicitFileType = wrapper.cfbundle; includeInIndex = 0; path = BullseyeTests.xctest; sourceTree = BUILT_PRODUCTS_DIR; };
		70576BB5273AB45300B9BC3B /* BullseyeTests.swift */ = {isa = PBXFileReference; lastKnownFileType = sourcecode.swift; path = BullseyeTests.swift; sourceTree = "<group>"; };
		70576BBB273AB45300B9BC3B /* BullseyeUITests.xctest */ = {isa = PBXFileReference; explicitFileType = wrapper.cfbundle; includeInIndex = 0; path = BullseyeUITests.xctest; sourceTree = BUILT_PRODUCTS_DIR; };
		70576BBF273AB45300B9BC3B /* BullseyeUITests.swift */ = {isa = PBXFileReference; lastKnownFileType = sourcecode.swift; path = BullseyeUITests.swift; sourceTree = "<group>"; };
		70576BC1273AB45300B9BC3B /* BullseyeUITestsLaunchTests.swift */ = {isa = PBXFileReference; lastKnownFileType = sourcecode.swift; path = BullseyeUITestsLaunchTests.swift; sourceTree = "<group>"; };
/* End PBXFileReference section */

/* Begin PBXFrameworksBuildPhase section */
		70576B98273AB45200B9BC3B /* Frameworks */ = {
			isa = PBXFrameworksBuildPhase;
			buildActionMask = 2147483647;
			files = (
			);
			runOnlyForDeploymentPostprocessing = 0;
		};
		70576BAE273AB45300B9BC3B /* Frameworks */ = {
			isa = PBXFrameworksBuildPhase;
			buildActionMask = 2147483647;
			files = (
			);
			runOnlyForDeploymentPostprocessing = 0;
		};
		70576BB8273AB45300B9BC3B /* Frameworks */ = {
			isa = PBXFrameworksBuildPhase;
			buildActionMask = 2147483647;
			files = (
			);
			runOnlyForDeploymentPostprocessing = 0;
		};
/* End PBXFrameworksBuildPhase section */

/* Begin PBXGroup section */
		70576B92273AB45200B9BC3B = {
			isa = PBXGroup;
			children = (
				70576B9D273AB45200B9BC3B /* Bullseye */,
				70576BB4273AB45300B9BC3B /* BullseyeTests */,
				70576BBE273AB45300B9BC3B /* BullseyeUITests */,
				70576B9C273AB45200B9BC3B /* Products */,
			);
			sourceTree = "<group>";
		};
		70576B9C273AB45200B9BC3B /* Products */ = {
			isa = PBXGroup;
			children = (
				70576B9B273AB45200B9BC3B /* Bullseye.app */,
				70576BB1273AB45300B9BC3B /* BullseyeTests.xctest */,
				70576BBB273AB45300B9BC3B /* BullseyeUITests.xctest */,
			);
			name = Products;
			sourceTree = "<group>";
		};
		70576B9D273AB45200B9BC3B /* Bullseye */ = {
			isa = PBXGroup;
			children = (
				70576B9E273AB45200B9BC3B /* AppDelegate.swift */,
				70576BA0273AB45200B9BC3B /* SceneDelegate.swift */,
				70576BA2273AB45200B9BC3B /* ViewController.swift */,
				70576BA4273AB45200B9BC3B /* Main.storyboard */,
				70576BA7273AB45300B9BC3B /* Assets.xcassets */,
				70576BA9273AB45300B9BC3B /* LaunchScreen.storyboard */,
				70576BAC273AB45300B9BC3B /* Info.plist */,
			);
			path = Bullseye;
			sourceTree = "<group>";
		};
		70576BB4273AB45300B9BC3B /* BullseyeTests */ = {
			isa = PBXGroup;
			children = (
				70576BB5273AB45300B9BC3B /* BullseyeTests.swift */,
			);
			path = BullseyeTests;
			sourceTree = "<group>";
		};
		70576BBE273AB45300B9BC3B /* BullseyeUITests */ = {
			isa = PBXGroup;
			children = (
				70576BBF273AB45300B9BC3B /* BullseyeUITests.swift */,
				70576BC1273AB45300B9BC3B /* BullseyeUITestsLaunchTests.swift */,
			);
			path = BullseyeUITests;
			sourceTree = "<group>";
		};
/* End PBXGroup section */

/* Begin PBXNativeTarget section */
		70576B9A273AB45200B9BC3B /* Bullseye */ = {
			isa = PBXNativeTarget;
			buildConfigurationList = 70576BC5273AB45300B9BC3B /* Build configuration list for PBXNativeTarget "Bullseye" */;
			buildPhases = (
				70576B97273AB45200B9BC3B /* Sources */,
				70576B98273AB45200B9BC3B /* Frameworks */,
				70576B99273AB45200B9BC3B /* Resources */,
			);
			buildRules = (
			);
			dependencies = (
			);
			name = Bullseye;
			productName = Bullseye;
			productReference = 70576B9B273AB45200B9BC3B /* Bullseye.app */;
			productType = "com.apple.product-type.application";
		};
		70576BB0273AB45300B9BC3B /* BullseyeTests */ = {
			isa = PBXNativeTarget;
			buildConfigurationList = 70576BC8273AB45300B9BC3B /* Build configuration list for PBXNativeTarget "BullseyeTests" */;
			buildPhases = (
				70576BAD273AB45300B9BC3B /* Sources */,
				70576BAE273AB45300B9BC3B /* Frameworks */,
				70576BAF273AB45300B9BC3B /* Resources */,
			);
			buildRules = (
			);
			dependencies = (
				70576BB3273AB45300B9BC3B /* PBXTargetDependency */,
			);
			name = BullseyeTests;
			productName = BullseyeTests;
			productReference = 70576BB1273AB45300B9BC3B /* BullseyeTests.xctest */;
			productType = "com.apple.product-type.bundle.unit-test";
		};
		70576BBA273AB45300B9BC3B /* BullseyeUITests */ = {
			isa = PBXNativeTarget;
			buildConfigurationList = 70576BCB273AB45300B9BC3B /* Build configuration list for PBXNativeTarget "BullseyeUITests" */;
			buildPhases = (
				70576BB7273AB45300B9BC3B /* Sources */,
				70576BB8273AB45300B9BC3B /* Frameworks */,
				70576BB9273AB45300B9BC3B /* Resources */,
			);
			buildRules = (
			);
			dependencies = (
				70576BBD273AB45300B9BC3B /* PBXTargetDependency */,
			);
			name = BullseyeUITests;
			productName = BullseyeUITests;
			productReference = 70576BBB273AB45300B9BC3B /* BullseyeUITests.xctest */;
			productType = "com.apple.product-type.bundle.ui-testing";
		};
/* End PBXNativeTarget section */

/* Begin PBXProject section */
		70576B93273AB45200B9BC3B /* Project object */ = {
			isa = PBXProject;
			attributes = {
				BuildIndependentTargetsInParallel = 1;
				LastSwiftUpdateCheck = 1310;
				LastUpgradeCheck = 1310;
				TargetAttributes = {
					70576B9A273AB45200B9BC3B = {
						CreatedOnToolsVersion = 13.1;
					};
					70576BB0273AB45300B9BC3B = {
						CreatedOnToolsVersion = 13.1;
						TestTargetID = 70576B9A273AB45200B9BC3B;
					};
					70576BBA273AB45300B9BC3B = {
						CreatedOnToolsVersion = 13.1;
						TestTargetID = 70576B9A273AB45200B9BC3B;
					};
				};
			};
			buildConfigurationList = 70576B96273AB45200B9BC3B /* Build configuration list for PBXProject "Bullseye" */;
			compatibilityVersion = "Xcode 13.0";
			developmentRegion = en;
			hasScannedForEncodings = 0;
			knownRegions = (
				en,
				Base,
			);
			mainGroup = 70576B92273AB45200B9BC3B;
			productRefGroup = 70576B9C273AB45200B9BC3B /* Products */;
			projectDirPath = "";
			projectRoot = "";
			targets = (
				70576B9A273AB45200B9BC3B /* Bullseye */,
				70576BB0273AB45300B9BC3B /* BullseyeTests */,
				70576BBA273AB45300B9BC3B /* BullseyeUITests */,
			);
		};
/* End PBXProject section */

/* Begin PBXResourcesBuildPhase section */
		70576B99273AB45200B9BC3B /* Resources */ = {
			isa = PBXResourcesBuildPhase;
			buildActionMask = 2147483647;
			files = (
				70576BAB273AB45300B9BC3B /* LaunchScreen.storyboard in Resources */,
				70576BA8273AB45300B9BC3B /* Assets.xcassets in Resources */,
				70576BA6273AB45200B9BC3B /* Main.storyboard in Resources */,
			);
			runOnlyForDeploymentPostprocessing = 0;
		};
		70576BAF273AB45300B9BC3B /* Resources */ = {
			isa = PBXResourcesBuildPhase;
			buildActionMask = 2147483647;
			files = (
			);
			runOnlyForDeploymentPostprocessing = 0;
		};
		70576BB9273AB45300B9BC3B /* Resources */ = {
			isa = PBXResourcesBuildPhase;
			buildActionMask = 2147483647;
			files = (
			);
			runOnlyForDeploymentPostprocessing = 0;
		};
/* End PBXResourcesBuildPhase section */

/* Begin PBXSourcesBuildPhase section */
		70576B97273AB45200B9BC3B /* Sources */ = {
			isa = PBXSourcesBuildPhase;
			buildActionMask = 2147483647;
			files = (
				70576BA3273AB45200B9BC3B /* ViewController.swift in Sources */,
				70576B9F273AB45200B9BC3B /* AppDelegate.swift in Sources */,
				70576BA1273AB45200B9BC3B /* SceneDelegate.swift in Sources */,
			);
			runOnlyForDeploymentPostprocessing = 0;
		};
		70576BAD273AB45300B9BC3B /* Sources */ = {
			isa = PBXSourcesBuildPhase;
			buildActionMask = 2147483647;
			files = (
				70576BB6273AB45300B9BC3B /* BullseyeTests.swift in Sources */,
			);
			runOnlyForDeploymentPostprocessing = 0;
		};
		70576BB7273AB45300B9BC3B /* Sources */ = {
			isa = PBXSourcesBuildPhase;
			buildActionMask = 2147483647;
			files = (
				70576BC2273AB45300B9BC3B /* BullseyeUITestsLaunchTests.swift in Sources */,
				70576BC0273AB45300B9BC3B /* BullseyeUITests.swift in Sources */,
			);
			runOnlyForDeploymentPostprocessing = 0;
		};
/* End PBXSourcesBuildPhase section */

/* Begin PBXTargetDependency section */
		70576BB3273AB45300B9BC3B /* PBXTargetDependency */ = {
			isa = PBXTargetDependency;
			target = 70576B9A273AB45200B9BC3B /* Bullseye */;
			targetProxy = 70576BB2273AB45300B9BC3B /* PBXContainerItemProxy */;
		};
		70576BBD273AB45300B9BC3B /* PBXTargetDependency */ = {
			isa = PBXTargetDependency;
			target = 70576B9A273AB45200B9BC3B /* Bullseye */;
			targetProxy = 70576BBC273AB45300B9BC3B /* PBXContainerItemProxy */;
		};
/* End PBXTargetDependency section */

/* Begin PBXVariantGroup section */
		70576BA4273AB45200B9BC3B /* Main.storyboard */ = {
			isa = PBXVariantGroup;
			children = (
				70576BA5273AB45200B9BC3B /* Base */,
			);
			name = Main.storyboard;
			sourceTree = "<group>";
		};
		70576BA9273AB45300B9BC3B /* LaunchScreen.storyboard */ = {
			isa = PBXVariantGroup;
			children = (
				70576BAA273AB45300B9BC3B /* Base */,
			);
			name = LaunchScreen.storyboard;
			sourceTree = "<group>";
		};
/* End PBXVariantGroup section */

/* Begin XCBuildConfiguration section */
		70576BC3273AB45300B9BC3B /* Debug */ = {
			isa = XCBuildConfiguration;
			buildSettings = {
				ALWAYS_SEARCH_USER_PATHS = NO;
				CLANG_ANALYZER_NONNULL = YES;
				CLANG_ANALYZER_NUMBER_OBJECT_CONVERSION = YES_AGGRESSIVE;
				CLANG_CXX_LANGUAGE_STANDARD = "gnu++17";
				CLANG_CXX_LIBRARY = "libc++";
				CLANG_ENABLE_MODULES = YES;
				CLANG_ENABLE_OBJC_ARC = YES;
				CLANG_ENABLE_OBJC_WEAK = YES;
				CLANG_WARN_BLOCK_CAPTURE_AUTORELEASING = YES;
				CLANG_WARN_BOOL_CONVERSION = YES;
				CLANG_WARN_COMMA = YES;
				CLANG_WARN_CONSTANT_CONVERSION = YES;
				CLANG_WARN_DEPRECATED_OBJC_IMPLEMENTATIONS = YES;
				CLANG_WARN_DIRECT_OBJC_ISA_USAGE = YES_ERROR;
				CLANG_WARN_DOCUMENTATION_COMMENTS = YES;
				CLANG_WARN_EMPTY_BODY = YES;
				CLANG_WARN_ENUM_CONVERSION = YES;
				CLANG_WARN_INFINITE_RECURSION = YES;
				CLANG_WARN_INT_CONVERSION = YES;
				CLANG_WARN_NON_LITERAL_NULL_CONVERSION = YES;
				CLANG_WARN_OBJC_IMPLICIT_RETAIN_SELF = YES;
				CLANG_WARN_OBJC_LITERAL_CONVERSION = YES;
				CLANG_WARN_OBJC_ROOT_CLASS = YES_ERROR;
				CLANG_WARN_QUOTED_INCLUDE_IN_FRAMEWORK_HEADER = YES;
				CLANG_WARN_RANGE_LOOP_ANALYSIS = YES;
				CLANG_WARN_STRICT_PROTOTYPES = YES;
				CLANG_WARN_SUSPICIOUS_MOVE = YES;
				CLANG_WARN_UNGUARDED_AVAILABILITY = YES_AGGRESSIVE;
				CLANG_WARN_UNREACHABLE_CODE = YES;
				CLANG_WARN__DUPLICATE_METHOD_MATCH = YES;
				COPY_PHASE_STRIP = NO;
				DEBUG_INFORMATION_FORMAT = dwarf;
				ENABLE_STRICT_OBJC_MSGSEND = YES;
				ENABLE_TESTABILITY = YES;
				GCC_C_LANGUAGE_STANDARD = gnu11;
				GCC_DYNAMIC_NO_PIC = NO;
				GCC_NO_COMMON_BLOCKS = YES;
				GCC_OPTIMIZATION_LEVEL = 0;
				GCC_PREPROCESSOR_DEFINITIONS = (
					"DEBUG=1",
					"$(inherited)",
				);
				GCC_WARN_64_TO_32_BIT_CONVERSION = YES;
				GCC_WARN_ABOUT_RETURN_TYPE = YES_ERROR;
				GCC_WARN_UNDECLARED_SELECTOR = YES;
				GCC_WARN_UNINITIALIZED_AUTOS = YES_AGGRESSIVE;
				GCC_WARN_UNUSED_FUNCTION = YES;
				GCC_WARN_UNUSED_VARIABLE = YES;
				IPHONEOS_DEPLOYMENT_TARGET = 15.0;
				MTL_ENABLE_DEBUG_INFO = INCLUDE_SOURCE;
				MTL_FAST_MATH = YES;
				ONLY_ACTIVE_ARCH = YES;
				SDKROOT = iphoneos;
				SWIFT_ACTIVE_COMPILATION_CONDITIONS = DEBUG;
				SWIFT_OPTIMIZATION_LEVEL = "-Onone";
			};
			name = Debug;
		};
		70576BC4273AB45300B9BC3B /* Release */ = {
			isa = XCBuildConfiguration;
			buildSettings = {
				ALWAYS_SEARCH_USER_PATHS = NO;
				CLANG_ANALYZER_NONNULL = YES;
				CLANG_ANALYZER_NUMBER_OBJECT_CONVERSION = YES_AGGRESSIVE;
				CLANG_CXX_LANGUAGE_STANDARD = "gnu++17";
				CLANG_CXX_LIBRARY = "libc++";
				CLANG_ENABLE_MODULES = YES;
				CLANG_ENABLE_OBJC_ARC = YES;
				CLANG_ENABLE_OBJC_WEAK = YES;
				CLANG_WARN_BLOCK_CAPTURE_AUTORELEASING = YES;
				CLANG_WARN_BOOL_CONVERSION = YES;
				CLANG_WARN_COMMA = YES;
				CLANG_WARN_CONSTANT_CONVERSION = YES;
				CLANG_WARN_DEPRECATED_OBJC_IMPLEMENTATIONS = YES;
				CLANG_WARN_DIRECT_OBJC_ISA_USAGE = YES_ERROR;
				CLANG_WARN_DOCUMENTATION_COMMENTS = YES;
				CLANG_WARN_EMPTY_BODY = YES;
				CLANG_WARN_ENUM_CONVERSION = YES;
				CLANG_WARN_INFINITE_RECURSION = YES;
				CLANG_WARN_INT_CONVERSION = YES;
				CLANG_WARN_NON_LITERAL_NULL_CONVERSION = YES;
				CLANG_WARN_OBJC_IMPLICIT_RETAIN_SELF = YES;
				CLANG_WARN_OBJC_LITERAL_CONVERSION = YES;
				CLANG_WARN_OBJC_ROOT_CLASS = YES_ERROR;
				CLANG_WARN_QUOTED_INCLUDE_IN_FRAMEWORK_HEADER = YES;
				CLANG_WARN_RANGE_LOOP_ANALYSIS = YES;
				CLANG_WARN_STRICT_PROTOTYPES = YES;
				CLANG_WARN_SUSPICIOUS_MOVE = YES;
				CLANG_WARN_UNGUARDED_AVAILABILITY = YES_AGGRESSIVE;
				CLANG_WARN_UNREACHABLE_CODE = YES;
				CLANG_WARN__DUPLICATE_METHOD_MATCH = YES;
				COPY_PHASE_STRIP = NO;
				DEBUG_INFORMATION_FORMAT = "dwarf-with-dsym";
				ENABLE_NS_ASSERTIONS = NO;
				ENABLE_STRICT_OBJC_MSGSEND = YES;
				GCC_C_LANGUAGE_STANDARD = gnu11;
				GCC_NO_COMMON_BLOCKS = YES;
				GCC_WARN_64_TO_32_BIT_CONVERSION = YES;
				GCC_WARN_ABOUT_RETURN_TYPE = YES_ERROR;
				GCC_WARN_UNDECLARED_SELECTOR = YES;
				GCC_WARN_UNINITIALIZED_AUTOS = YES_AGGRESSIVE;
				GCC_WARN_UNUSED_FUNCTION = YES;
				GCC_WARN_UNUSED_VARIABLE = YES;
				IPHONEOS_DEPLOYMENT_TARGET = 15.0;
				MTL_ENABLE_DEBUG_INFO = NO;
				MTL_FAST_MATH = YES;
				SDKROOT = iphoneos;
				SWIFT_COMPILATION_MODE = wholemodule;
				SWIFT_OPTIMIZATION_LEVEL = "-O";
				VALIDATE_PRODUCT = YES;
			};
			name = Release;
		};
		70576BC6273AB45300B9BC3B /* Debug */ = {
			isa = XCBuildConfiguration;
			buildSettings = {
				ASSETCATALOG_COMPILER_APPICON_NAME = AppIcon;
				ASSETCATALOG_COMPILER_GLOBAL_ACCENT_COLOR_NAME = AccentColor;
				CODE_SIGN_STYLE = Automatic;
				CURRENT_PROJECT_VERSION = 1;
				DEVELOPMENT_TEAM = F5UN3Z7X2P;
				GENERATE_INFOPLIST_FILE = YES;
				INFOPLIST_FILE = Bullseye/Info.plist;
				INFOPLIST_KEY_UIApplicationSupportsIndirectInputEvents = YES;
				INFOPLIST_KEY_UILaunchStoryboardName = LaunchScreen;
				INFOPLIST_KEY_UIMainStoryboardFile = Main;
				INFOPLIST_KEY_UISupportedInterfaceOrientations_iPad = "UIInterfaceOrientationPortrait UIInterfaceOrientationPortraitUpsideDown UIInterfaceOrientationLandscapeLeft UIInterfaceOrientationLandscapeRight";
				INFOPLIST_KEY_UISupportedInterfaceOrientations_iPhone = "UIInterfaceOrientationPortrait UIInterfaceOrientationLandscapeLeft UIInterfaceOrientationLandscapeRight";
				LD_RUNPATH_SEARCH_PATHS = (
					"$(inherited)",
					"@executable_path/Frameworks",
				);
				MARKETING_VERSION = 1.0;
				PRODUCT_BUNDLE_IDENTIFIER = com.alec.Bullseye;
				PRODUCT_NAME = "$(TARGET_NAME)";
				SWIFT_EMIT_LOC_STRINGS = YES;
				SWIFT_VERSION = 5.0;
				TARGETED_DEVICE_FAMILY = "1,2";
			};
			name = Debug;
		};
		70576BC7273AB45300B9BC3B /* Release */ = {
			isa = XCBuildConfiguration;
			buildSettings = {
				ASSETCATALOG_COMPILER_APPICON_NAME = AppIcon;
				ASSETCATALOG_COMPILER_GLOBAL_ACCENT_COLOR_NAME = AccentColor;
				CODE_SIGN_STYLE = Automatic;
				CURRENT_PROJECT_VERSION = 1;
				DEVELOPMENT_TEAM = F5UN3Z7X2P;
				GENERATE_INFOPLIST_FILE = YES;
				INFOPLIST_FILE = Bullseye/Info.plist;
				INFOPLIST_KEY_UIApplicationSupportsIndirectInputEvents = YES;
				INFOPLIST_KEY_UILaunchStoryboardName = LaunchScreen;
				INFOPLIST_KEY_UIMainStoryboardFile = Main;
				INFOPLIST_KEY_UISupportedInterfaceOrientations_iPad = "UIInterfaceOrientationPortrait UIInterfaceOrientationPortraitUpsideDown UIInterfaceOrientationLandscapeLeft UIInterfaceOrientationLandscapeRight";
				INFOPLIST_KEY_UISupportedInterfaceOrientations_iPhone = "UIInterfaceOrientationPortrait UIInterfaceOrientationLandscapeLeft UIInterfaceOrientationLandscapeRight";
				LD_RUNPATH_SEARCH_PATHS = (
					"$(inherited)",
					"@executable_path/Frameworks",
				);
				MARKETING_VERSION = 1.0;
				PRODUCT_BUNDLE_IDENTIFIER = com.alec.Bullseye;
				PRODUCT_NAME = "$(TARGET_NAME)";
				SWIFT_EMIT_LOC_STRINGS = YES;
				SWIFT_VERSION = 5.0;
				TARGETED_DEVICE_FAMILY = "1,2";
			};
			name = Release;
		};
		70576BC9273AB45300B9BC3B /* Debug */ = {
			isa = XCBuildConfiguration;
			buildSettings = {
				ALWAYS_EMBED_SWIFT_STANDARD_LIBRARIES = YES;
				BUNDLE_LOADER = "$(TEST_HOST)";
				CODE_SIGN_STYLE = Automatic;
				CURRENT_PROJECT_VERSION = 1;
				DEVELOPMENT_TEAM = F5UN3Z7X2P;
				GENERATE_INFOPLIST_FILE = YES;
				IPHONEOS_DEPLOYMENT_TARGET = 15.0;
				LD_RUNPATH_SEARCH_PATHS = (
					"$(inherited)",
					"@executable_path/Frameworks",
					"@loader_path/Frameworks",
				);
				MARKETING_VERSION = 1.0;
				PRODUCT_BUNDLE_IDENTIFIER = com.alec.BullseyeTests;
				PRODUCT_NAME = "$(TARGET_NAME)";
				SWIFT_EMIT_LOC_STRINGS = NO;
				SWIFT_VERSION = 5.0;
				TARGETED_DEVICE_FAMILY = "1,2";
				TEST_HOST = "$(BUILT_PRODUCTS_DIR)/Bullseye.app/Bullseye";
			};
			name = Debug;
		};
		70576BCA273AB45300B9BC3B /* Release */ = {
			isa = XCBuildConfiguration;
			buildSettings = {
				ALWAYS_EMBED_SWIFT_STANDARD_LIBRARIES = YES;
				BUNDLE_LOADER = "$(TEST_HOST)";
				CODE_SIGN_STYLE = Automatic;
				CURRENT_PROJECT_VERSION = 1;
				DEVELOPMENT_TEAM = F5UN3Z7X2P;
				GENERATE_INFOPLIST_FILE = YES;
				IPHONEOS_DEPLOYMENT_TARGET = 15.0;
				LD_RUNPATH_SEARCH_PATHS = (
					"$(inherited)",
					"@executable_path/Frameworks",
					"@loader_path/Frameworks",
				);
				MARKETING_VERSION = 1.0;
				PRODUCT_BUNDLE_IDENTIFIER = com.alec.BullseyeTests;
				PRODUCT_NAME = "$(TARGET_NAME)";
				SWIFT_EMIT_LOC_STRINGS = NO;
				SWIFT_VERSION = 5.0;
				TARGETED_DEVICE_FAMILY = "1,2";
				TEST_HOST = "$(BUILT_PRODUCTS_DIR)/Bullseye.app/Bullseye";
			};
			name = Release;
		};
		70576BCC273AB45300B9BC3B /* Debug */ = {
			isa = XCBuildConfiguration;
			buildSettings = {
				ALWAYS_EMBED_SWIFT_STANDARD_LIBRARIES = YES;
				CODE_SIGN_STYLE = Automatic;
				CURRENT_PROJECT_VERSION = 1;
				DEVELOPMENT_TEAM = F5UN3Z7X2P;
				GENERATE_INFOPLIST_FILE = YES;
				LD_RUNPATH_SEARCH_PATHS = (
					"$(inherited)",
					"@executable_path/Frameworks",
					"@loader_path/Frameworks",
				);
				MARKETING_VERSION = 1.0;
				PRODUCT_BUNDLE_IDENTIFIER = com.alec.BullseyeUITests;
				PRODUCT_NAME = "$(TARGET_NAME)";
				SWIFT_EMIT_LOC_STRINGS = NO;
				SWIFT_VERSION = 5.0;
				TARGETED_DEVICE_FAMILY = "1,2";
				TEST_TARGET_NAME = Bullseye;
			};
			name = Debug;
		};
		70576BCD273AB45300B9BC3B /* Release */ = {
			isa = XCBuildConfiguration;
			buildSettings = {
				ALWAYS_EMBED_SWIFT_STANDARD_LIBRARIES = YES;
				CODE_SIGN_STYLE = Automatic;
				CURRENT_PROJECT_VERSION = 1;
				DEVELOPMENT_TEAM = F5UN3Z7X2P;
				GENERATE_INFOPLIST_FILE = YES;
				LD_RUNPATH_SEARCH_PATHS = (
					"$(inherited)",
					"@executable_path/Frameworks",
					"@loader_path/Frameworks",
				);
				MARKETING_VERSION = 1.0;
				PRODUCT_BUNDLE_IDENTIFIER = com.alec.BullseyeUITests;
				PRODUCT_NAME = "$(TARGET_NAME)";
				SWIFT_EMIT_LOC_STRINGS = NO;
				SWIFT_VERSION = 5.0;
				TARGETED_DEVICE_FAMILY = "1,2";
				TEST_TARGET_NAME = Bullseye;
			};
			name = Release;
		};
/* End XCBuildConfiguration section */

/* Begin XCConfigurationList section */
		70576B96273AB45200B9BC3B /* Build configuration list for PBXProject "Bullseye" */ = {
			isa = XCConfigurationList;
			buildConfigurations = (
				70576BC3273AB45300B9BC3B /* Debug */,
				70576BC4273AB45300B9BC3B /* Release */,
			);
			defaultConfigurationIsVisible = 0;
			defaultConfigurationName = Release;
		};
		70576BC5273AB45300B9BC3B /* Build configuration list for PBXNativeTarget "Bullseye" */ = {
			isa = XCConfigurationList;
			buildConfigurations = (
				70576BC6273AB45300B9BC3B /* Debug */,
				70576BC7273AB45300B9BC3B /* Release */,
			);
			defaultConfigurationIsVisible = 0;
			defaultConfigurationName = Release;
		};
		70576BC8273AB45300B9BC3B /* Build configuration list for PBXNativeTarget "BullseyeTests" */ = {
			isa = XCConfigurationList;
			buildConfigurations = (
				70576BC9273AB45300B9BC3B /* Debug */,
				70576BCA273AB45300B9BC3B /* Release */,
			);
			defaultConfigurationIsVisible = 0;
			defaultConfigurationName = Release;
		};
		70576BCB273AB45300B9BC3B /* Build configuration list for PBXNativeTarget "BullseyeUITests" */ = {
			isa = XCConfigurationList;
			buildConfigurations = (
				70576BCC273AB45300B9BC3B /* Debug */,
				70576BCD273AB45300B9BC3B /* Release */,
			);
			defaultConfigurationIsVisible = 0;
			defaultConfigurationName = Release;
		};
/* End XCConfigurationList section */
	};
	rootObject = 70576B93273AB45200B9BC3B /* Project object */;
}
